// !$*UTF8*$!
{
	archiveVersion = 1;
	classes = {
	};
	objectVersion = 56;
	objects = {

/* Begin PBXBuildFile section */
		6F7DCE6429929DE90089BE7D /* ActivityView.swift in Sources */ = {isa = PBXBuildFile; fileRef = 6F7DCE6329929DE90089BE7D /* ActivityView.swift */; };
		6F9ADC562993BD08005C535F /* RelaxingView.swift in Sources */ = {isa = PBXBuildFile; fileRef = 6F9ADC552993BD08005C535F /* RelaxingView.swift */; };
		F44C0C71293E310B0031C6AB /* Thing.swift in Sources */ = {isa = PBXBuildFile; fileRef = F44C0C70293E310B0031C6AB /* Thing.swift */; };
		F44C0C75293E3ED90031C6AB /* Light.swift in Sources */ = {isa = PBXBuildFile; fileRef = F44C0C74293E3ED90031C6AB /* Light.swift */; };
		F44C0C77293E405D0031C6AB /* viewModel.swift in Sources */ = {isa = PBXBuildFile; fileRef = F44C0C76293E405D0031C6AB /* viewModel.swift */; };
		F47FC995293CB573009BF615 /* Door.swift in Sources */ = {isa = PBXBuildFile; fileRef = F47FC994293CB573009BF615 /* Door.swift */; };
		F4B85F1028E4269700E9FD7F /* SmartLodgingApp.swift in Sources */ = {isa = PBXBuildFile; fileRef = F4B85F0F28E4269700E9FD7F /* SmartLodgingApp.swift */; };
		F4B85F1228E4269700E9FD7F /* Persistence.swift in Sources */ = {isa = PBXBuildFile; fileRef = F4B85F1128E4269700E9FD7F /* Persistence.swift */; };
		F4B85F1528E4269700E9FD7F /* SmartLodging.xcdatamodeld in Sources */ = {isa = PBXBuildFile; fileRef = F4B85F1328E4269700E9FD7F /* SmartLodging.xcdatamodeld */; };
		F4B85F1728E4269700E9FD7F /* ContentView.swift in Sources */ = {isa = PBXBuildFile; fileRef = F4B85F1628E4269700E9FD7F /* ContentView.swift */; };
		F4B85F1928E4269900E9FD7F /* Assets.xcassets in Resources */ = {isa = PBXBuildFile; fileRef = F4B85F1828E4269900E9FD7F /* Assets.xcassets */; };
		F4B85F2728E4269900E9FD7F /* SmartLodgingTests.swift in Sources */ = {isa = PBXBuildFile; fileRef = F4B85F2628E4269900E9FD7F /* SmartLodgingTests.swift */; };
		F4B85F3128E4269900E9FD7F /* SmartLodgingUITests.swift in Sources */ = {isa = PBXBuildFile; fileRef = F4B85F3028E4269900E9FD7F /* SmartLodgingUITests.swift */; };
		F4B85F3328E4269900E9FD7F /* SmartLodgingUITestsLaunchTests.swift in Sources */ = {isa = PBXBuildFile; fileRef = F4B85F3228E4269900E9FD7F /* SmartLodgingUITestsLaunchTests.swift */; };
		F4F98B5D28E42B62000AB88E /* HomeView.swift in Sources */ = {isa = PBXBuildFile; fileRef = F4F98B5C28E42B62000AB88E /* HomeView.swift */; };
		F4F98B5F28E42B6F000AB88E /* OrderView.swift in Sources */ = {isa = PBXBuildFile; fileRef = F4F98B5E28E42B6F000AB88E /* OrderView.swift */; };
		F4F98B6128E42B7A000AB88E /* AccountView.swift in Sources */ = {isa = PBXBuildFile; fileRef = F4F98B6028E42B7A000AB88E /* AccountView.swift */; };
/* End PBXBuildFile section */

/* Begin PBXContainerItemProxy section */
		F4B85F2328E4269900E9FD7F /* PBXContainerItemProxy */ = {
			isa = PBXContainerItemProxy;
			containerPortal = F4B85F0428E4269700E9FD7F /* Project object */;
			proxyType = 1;
			remoteGlobalIDString = F4B85F0B28E4269700E9FD7F;
			remoteInfo = SmartLodging;
		};
		F4B85F2D28E4269900E9FD7F /* PBXContainerItemProxy */ = {
			isa = PBXContainerItemProxy;
			containerPortal = F4B85F0428E4269700E9FD7F /* Project object */;
			proxyType = 1;
			remoteGlobalIDString = F4B85F0B28E4269700E9FD7F;
			remoteInfo = SmartLodging;
		};
/* End PBXContainerItemProxy section */

/* Begin PBXFileReference section */
		6F7DCE6329929DE90089BE7D /* ActivityView.swift */ = {isa = PBXFileReference; lastKnownFileType = sourcecode.swift; path = ActivityView.swift; sourceTree = "<group>"; };
		6F9ADC552993BD08005C535F /* RelaxingView.swift */ = {isa = PBXFileReference; lastKnownFileType = sourcecode.swift; path = RelaxingView.swift; sourceTree = "<group>"; };
		F44C0C70293E310B0031C6AB /* Thing.swift */ = {isa = PBXFileReference; lastKnownFileType = sourcecode.swift; path = Thing.swift; sourceTree = "<group>"; };
		F44C0C74293E3ED90031C6AB /* Light.swift */ = {isa = PBXFileReference; lastKnownFileType = sourcecode.swift; path = Light.swift; sourceTree = "<group>"; };
		F44C0C76293E405D0031C6AB /* viewModel.swift */ = {isa = PBXFileReference; lastKnownFileType = sourcecode.swift; path = viewModel.swift; sourceTree = "<group>"; };
		F47FC994293CB573009BF615 /* Door.swift */ = {isa = PBXFileReference; lastKnownFileType = sourcecode.swift; path = Door.swift; sourceTree = "<group>"; };
		F4B85F0C28E4269700E9FD7F /* SmartLodging.app */ = {isa = PBXFileReference; explicitFileType = wrapper.application; includeInIndex = 0; path = SmartLodging.app; sourceTree = BUILT_PRODUCTS_DIR; };
		F4B85F0F28E4269700E9FD7F /* SmartLodgingApp.swift */ = {isa = PBXFileReference; lastKnownFileType = sourcecode.swift; path = SmartLodgingApp.swift; sourceTree = "<group>"; };
		F4B85F1128E4269700E9FD7F /* Persistence.swift */ = {isa = PBXFileReference; lastKnownFileType = sourcecode.swift; path = Persistence.swift; sourceTree = "<group>"; };
		F4B85F1428E4269700E9FD7F /* SmartLodging.xcdatamodel */ = {isa = PBXFileReference; lastKnownFileType = wrapper.xcdatamodel; path = SmartLodging.xcdatamodel; sourceTree = "<group>"; };
		F4B85F1628E4269700E9FD7F /* ContentView.swift */ = {isa = PBXFileReference; lastKnownFileType = sourcecode.swift; path = ContentView.swift; sourceTree = "<group>"; };
		F4B85F1828E4269900E9FD7F /* Assets.xcassets */ = {isa = PBXFileReference; lastKnownFileType = folder.assetcatalog; path = Assets.xcassets; sourceTree = "<group>"; };
		F4B85F1A28E4269900E9FD7F /* SmartLodging.entitlements */ = {isa = PBXFileReference; lastKnownFileType = text.plist.entitlements; path = SmartLodging.entitlements; sourceTree = "<group>"; };
		F4B85F2228E4269900E9FD7F /* SmartLodgingTests.xctest */ = {isa = PBXFileReference; explicitFileType = wrapper.cfbundle; includeInIndex = 0; path = SmartLodgingTests.xctest; sourceTree = BUILT_PRODUCTS_DIR; };
		F4B85F2628E4269900E9FD7F /* SmartLodgingTests.swift */ = {isa = PBXFileReference; lastKnownFileType = sourcecode.swift; path = SmartLodgingTests.swift; sourceTree = "<group>"; };
		F4B85F2C28E4269900E9FD7F /* SmartLodgingUITests.xctest */ = {isa = PBXFileReference; explicitFileType = wrapper.cfbundle; includeInIndex = 0; path = SmartLodgingUITests.xctest; sourceTree = BUILT_PRODUCTS_DIR; };
		F4B85F3028E4269900E9FD7F /* SmartLodgingUITests.swift */ = {isa = PBXFileReference; lastKnownFileType = sourcecode.swift; path = SmartLodgingUITests.swift; sourceTree = "<group>"; };
		F4B85F3228E4269900E9FD7F /* SmartLodgingUITestsLaunchTests.swift */ = {isa = PBXFileReference; lastKnownFileType = sourcecode.swift; path = SmartLodgingUITestsLaunchTests.swift; sourceTree = "<group>"; };
		F4F98B5C28E42B62000AB88E /* HomeView.swift */ = {isa = PBXFileReference; lastKnownFileType = sourcecode.swift; path = HomeView.swift; sourceTree = "<group>"; };
		F4F98B5E28E42B6F000AB88E /* OrderView.swift */ = {isa = PBXFileReference; lastKnownFileType = sourcecode.swift; path = OrderView.swift; sourceTree = "<group>"; };
		F4F98B6028E42B7A000AB88E /* AccountView.swift */ = {isa = PBXFileReference; lastKnownFileType = sourcecode.swift; path = AccountView.swift; sourceTree = "<group>"; };
/* End PBXFileReference section */

/* Begin PBXFrameworksBuildPhase section */
		F4B85F0928E4269700E9FD7F /* Frameworks */ = {
			isa = PBXFrameworksBuildPhase;
			buildActionMask = 2147483647;
			files = (
			);
			runOnlyForDeploymentPostprocessing = 0;
		};
		F4B85F1F28E4269900E9FD7F /* Frameworks */ = {
			isa = PBXFrameworksBuildPhase;
			buildActionMask = 2147483647;
			files = (
			);
			runOnlyForDeploymentPostprocessing = 0;
		};
		F4B85F2928E4269900E9FD7F /* Frameworks */ = {
			isa = PBXFrameworksBuildPhase;
			buildActionMask = 2147483647;
			files = (
			);
			runOnlyForDeploymentPostprocessing = 0;
		};
/* End PBXFrameworksBuildPhase section */

/* Begin PBXGroup section */
		F4B85F0328E4269700E9FD7F = {
			isa = PBXGroup;
			children = (
				F4B85F0E28E4269700E9FD7F /* SmartLodging */,
				F4B85F2528E4269900E9FD7F /* SmartLodgingTests */,
				F4B85F2F28E4269900E9FD7F /* SmartLodgingUITests */,
				F4B85F0D28E4269700E9FD7F /* Products */,
			);
			sourceTree = "<group>";
		};
		F4B85F0D28E4269700E9FD7F /* Products */ = {
			isa = PBXGroup;
			children = (
				F4B85F0C28E4269700E9FD7F /* SmartLodging.app */,
				F4B85F2228E4269900E9FD7F /* SmartLodgingTests.xctest */,
				F4B85F2C28E4269900E9FD7F /* SmartLodgingUITests.xctest */,
			);
			name = Products;
			sourceTree = "<group>";
		};
		F4B85F0E28E4269700E9FD7F /* SmartLodging */ = {
			isa = PBXGroup;
			children = (
				F4B85F0F28E4269700E9FD7F /* SmartLodgingApp.swift */,
				F4F98B5928E42AFD000AB88E /* Model */,
				F4F98B5A28E42B08000AB88E /* View */,
				F4F98B5B28E42B0D000AB88E /* ViewModel */,
				F4F98B5828E42AC7000AB88E /* CoreData */,
				F4B85F1828E4269900E9FD7F /* Assets.xcassets */,
				F4B85F1A28E4269900E9FD7F /* SmartLodging.entitlements */,
				F4B85F1328E4269700E9FD7F /* SmartLodging.xcdatamodeld */,
				F4B85F1B28E4269900E9FD7F /* Preview Content */,
			);
			path = SmartLodging;
			sourceTree = "<group>";
		};
		F4B85F1B28E4269900E9FD7F /* Preview Content */ = {
			isa = PBXGroup;
			children = (
			);
			path = "Preview Content";
			sourceTree = "<group>";
		};
		F4B85F2528E4269900E9FD7F /* SmartLodgingTests */ = {
			isa = PBXGroup;
			children = (
				F4B85F2628E4269900E9FD7F /* SmartLodgingTests.swift */,
			);
			path = SmartLodgingTests;
			sourceTree = "<group>";
		};
		F4B85F2F28E4269900E9FD7F /* SmartLodgingUITests */ = {
			isa = PBXGroup;
			children = (
				F4B85F3028E4269900E9FD7F /* SmartLodgingUITests.swift */,
				F4B85F3228E4269900E9FD7F /* SmartLodgingUITestsLaunchTests.swift */,
			);
			path = SmartLodgingUITests;
			sourceTree = "<group>";
		};
		F4F98B5828E42AC7000AB88E /* CoreData */ = {
			isa = PBXGroup;
			children = (
				F4B85F1128E4269700E9FD7F /* Persistence.swift */,
				F4B85F1628E4269700E9FD7F /* ContentView.swift */,
			);
			path = CoreData;
			sourceTree = "<group>";
		};
		F4F98B5928E42AFD000AB88E /* Model */ = {
			isa = PBXGroup;
			children = (
				F47FC994293CB573009BF615 /* Door.swift */,
				F44C0C70293E310B0031C6AB /* Thing.swift */,
				F44C0C74293E3ED90031C6AB /* Light.swift */,
			);
			path = Model;
			sourceTree = "<group>";
		};
		F4F98B5A28E42B08000AB88E /* View */ = {
			isa = PBXGroup;
			children = (
				F4F98B5C28E42B62000AB88E /* HomeView.swift */,
				F4F98B5E28E42B6F000AB88E /* OrderView.swift */,
				F4F98B6028E42B7A000AB88E /* AccountView.swift */,
				6F7DCE6329929DE90089BE7D /* ActivityView.swift */,
				6F9ADC552993BD08005C535F /* RelaxingView.swift */,
			);
			path = View;
			sourceTree = "<group>";
		};
		F4F98B5B28E42B0D000AB88E /* ViewModel */ = {
			isa = PBXGroup;
			children = (
				F44C0C76293E405D0031C6AB /* viewModel.swift */,
			);
			path = ViewModel;
			sourceTree = "<group>";
		};
/* End PBXGroup section */

/* Begin PBXNativeTarget section */
		F4B85F0B28E4269700E9FD7F /* SmartLodging */ = {
			isa = PBXNativeTarget;
			buildConfigurationList = F4B85F3628E4269900E9FD7F /* Build configuration list for PBXNativeTarget "SmartLodging" */;
			buildPhases = (
				F4B85F0828E4269700E9FD7F /* Sources */,
				F4B85F0928E4269700E9FD7F /* Frameworks */,
				F4B85F0A28E4269700E9FD7F /* Resources */,
			);
			buildRules = (
			);
			dependencies = (
			);
			name = SmartLodging;
			productName = SmartLodging;
			productReference = F4B85F0C28E4269700E9FD7F /* SmartLodging.app */;
			productType = "com.apple.product-type.application";
		};
		F4B85F2128E4269900E9FD7F /* SmartLodgingTests */ = {
			isa = PBXNativeTarget;
			buildConfigurationList = F4B85F3928E4269900E9FD7F /* Build configuration list for PBXNativeTarget "SmartLodgingTests" */;
			buildPhases = (
				F4B85F1E28E4269900E9FD7F /* Sources */,
				F4B85F1F28E4269900E9FD7F /* Frameworks */,
				F4B85F2028E4269900E9FD7F /* Resources */,
			);
			buildRules = (
			);
			dependencies = (
				F4B85F2428E4269900E9FD7F /* PBXTargetDependency */,
			);
			name = SmartLodgingTests;
			productName = SmartLodgingTests;
			productReference = F4B85F2228E4269900E9FD7F /* SmartLodgingTests.xctest */;
			productType = "com.apple.product-type.bundle.unit-test";
		};
		F4B85F2B28E4269900E9FD7F /* SmartLodgingUITests */ = {
			isa = PBXNativeTarget;
			buildConfigurationList = F4B85F3C28E4269900E9FD7F /* Build configuration list for PBXNativeTarget "SmartLodgingUITests" */;
			buildPhases = (
				F4B85F2828E4269900E9FD7F /* Sources */,
				F4B85F2928E4269900E9FD7F /* Frameworks */,
				F4B85F2A28E4269900E9FD7F /* Resources */,
			);
			buildRules = (
			);
			dependencies = (
				F4B85F2E28E4269900E9FD7F /* PBXTargetDependency */,
			);
			name = SmartLodgingUITests;
			productName = SmartLodgingUITests;
			productReference = F4B85F2C28E4269900E9FD7F /* SmartLodgingUITests.xctest */;
			productType = "com.apple.product-type.bundle.ui-testing";
		};
/* End PBXNativeTarget section */

/* Begin PBXProject section */
		F4B85F0428E4269700E9FD7F /* Project object */ = {
			isa = PBXProject;
			attributes = {
				BuildIndependentTargetsInParallel = 1;
				LastSwiftUpdateCheck = 1400;
				LastUpgradeCheck = 1400;
				TargetAttributes = {
					F4B85F0B28E4269700E9FD7F = {
						CreatedOnToolsVersion = 14.0.1;
					};
					F4B85F2128E4269900E9FD7F = {
						CreatedOnToolsVersion = 14.0.1;
						TestTargetID = F4B85F0B28E4269700E9FD7F;
					};
					F4B85F2B28E4269900E9FD7F = {
						CreatedOnToolsVersion = 14.0.1;
						TestTargetID = F4B85F0B28E4269700E9FD7F;
					};
				};
			};
			buildConfigurationList = F4B85F0728E4269700E9FD7F /* Build configuration list for PBXProject "SmartLodging" */;
			compatibilityVersion = "Xcode 14.0";
			developmentRegion = en;
			hasScannedForEncodings = 0;
			knownRegions = (
				en,
				Base,
			);
			mainGroup = F4B85F0328E4269700E9FD7F;
			productRefGroup = F4B85F0D28E4269700E9FD7F /* Products */;
			projectDirPath = "";
			projectRoot = "";
			targets = (
				F4B85F0B28E4269700E9FD7F /* SmartLodging */,
				F4B85F2128E4269900E9FD7F /* SmartLodgingTests */,
				F4B85F2B28E4269900E9FD7F /* SmartLodgingUITests */,
			);
		};
/* End PBXProject section */

/* Begin PBXResourcesBuildPhase section */
		F4B85F0A28E4269700E9FD7F /* Resources */ = {
			isa = PBXResourcesBuildPhase;
			buildActionMask = 2147483647;
			files = (
				F4B85F1928E4269900E9FD7F /* Assets.xcassets in Resources */,
			);
			runOnlyForDeploymentPostprocessing = 0;
		};
		F4B85F2028E4269900E9FD7F /* Resources */ = {
			isa = PBXResourcesBuildPhase;
			buildActionMask = 2147483647;
			files = (
			);
			runOnlyForDeploymentPostprocessing = 0;
		};
		F4B85F2A28E4269900E9FD7F /* Resources */ = {
			isa = PBXResourcesBuildPhase;
			buildActionMask = 2147483647;
			files = (
			);
			runOnlyForDeploymentPostprocessing = 0;
		};
/* End PBXResourcesBuildPhase section */

/* Begin PBXSourcesBuildPhase section */
		F4B85F0828E4269700E9FD7F /* Sources */ = {
			isa = PBXSourcesBuildPhase;
			buildActionMask = 2147483647;
			files = (
				F4B85F1028E4269700E9FD7F /* SmartLodgingApp.swift in Sources */,
				F4B85F1228E4269700E9FD7F /* Persistence.swift in Sources */,
				F4B85F1728E4269700E9FD7F /* ContentView.swift in Sources */,
				6F9ADC562993BD08005C535F /* RelaxingView.swift in Sources */,
				F4F98B5F28E42B6F000AB88E /* OrderView.swift in Sources */,
				F44C0C71293E310B0031C6AB /* Thing.swift in Sources */,
				6F7DCE6429929DE90089BE7D /* ActivityView.swift in Sources */,
				F4F98B6128E42B7A000AB88E /* AccountView.swift in Sources */,
				F44C0C77293E405D0031C6AB /* viewModel.swift in Sources */,
				F44C0C75293E3ED90031C6AB /* Light.swift in Sources */,
				F4F98B5D28E42B62000AB88E /* HomeView.swift in Sources */,
				F4B85F1528E4269700E9FD7F /* SmartLodging.xcdatamodeld in Sources */,
				F47FC995293CB573009BF615 /* Door.swift in Sources */,
			);
			runOnlyForDeploymentPostprocessing = 0;
		};
		F4B85F1E28E4269900E9FD7F /* Sources */ = {
			isa = PBXSourcesBuildPhase;
			buildActionMask = 2147483647;
			files = (
				F4B85F2728E4269900E9FD7F /* SmartLodgingTests.swift in Sources */,
			);
			runOnlyForDeploymentPostprocessing = 0;
		};
		F4B85F2828E4269900E9FD7F /* Sources */ = {
			isa = PBXSourcesBuildPhase;
			buildActionMask = 2147483647;
			files = (
				F4B85F3128E4269900E9FD7F /* SmartLodgingUITests.swift in Sources */,
				F4B85F3328E4269900E9FD7F /* SmartLodgingUITestsLaunchTests.swift in Sources */,
			);
			runOnlyForDeploymentPostprocessing = 0;
		};
/* End PBXSourcesBuildPhase section */

/* Begin PBXTargetDependency section */
		F4B85F2428E4269900E9FD7F /* PBXTargetDependency */ = {
			isa = PBXTargetDependency;
			target = F4B85F0B28E4269700E9FD7F /* SmartLodging */;
			targetProxy = F4B85F2328E4269900E9FD7F /* PBXContainerItemProxy */;
		};
		F4B85F2E28E4269900E9FD7F /* PBXTargetDependency */ = {
			isa = PBXTargetDependency;
			target = F4B85F0B28E4269700E9FD7F /* SmartLodging */;
			targetProxy = F4B85F2D28E4269900E9FD7F /* PBXContainerItemProxy */;
		};
/* End PBXTargetDependency section */

/* Begin XCBuildConfiguration section */
		F4B85F3428E4269900E9FD7F /* Debug */ = {
			isa = XCBuildConfiguration;
			buildSettings = {
				ALWAYS_SEARCH_USER_PATHS = NO;
				CLANG_ANALYZER_NONNULL = YES;
				CLANG_ANALYZER_NUMBER_OBJECT_CONVERSION = YES_AGGRESSIVE;
				CLANG_CXX_LANGUAGE_STANDARD = "gnu++20";
				CLANG_ENABLE_MODULES = YES;
				CLANG_ENABLE_OBJC_ARC = YES;
				CLANG_ENABLE_OBJC_WEAK = YES;
				CLANG_WARN_BLOCK_CAPTURE_AUTORELEASING = YES;
				CLANG_WARN_BOOL_CONVERSION = YES;
				CLANG_WARN_COMMA = YES;
				CLANG_WARN_CONSTANT_CONVERSION = YES;
				CLANG_WARN_DEPRECATED_OBJC_IMPLEMENTATIONS = YES;
				CLANG_WARN_DIRECT_OBJC_ISA_USAGE = YES_ERROR;
				CLANG_WARN_DOCUMENTATION_COMMENTS = YES;
				CLANG_WARN_EMPTY_BODY = YES;
				CLANG_WARN_ENUM_CONVERSION = YES;
				CLANG_WARN_INFINITE_RECURSION = YES;
				CLANG_WARN_INT_CONVERSION = YES;
				CLANG_WARN_NON_LITERAL_NULL_CONVERSION = YES;
				CLANG_WARN_OBJC_IMPLICIT_RETAIN_SELF = YES;
				CLANG_WARN_OBJC_LITERAL_CONVERSION = YES;
				CLANG_WARN_OBJC_ROOT_CLASS = YES_ERROR;
				CLANG_WARN_QUOTED_INCLUDE_IN_FRAMEWORK_HEADER = YES;
				CLANG_WARN_RANGE_LOOP_ANALYSIS = YES;
				CLANG_WARN_STRICT_PROTOTYPES = YES;
				CLANG_WARN_SUSPICIOUS_MOVE = YES;
				CLANG_WARN_UNGUARDED_AVAILABILITY = YES_AGGRESSIVE;
				CLANG_WARN_UNREACHABLE_CODE = YES;
				CLANG_WARN__DUPLICATE_METHOD_MATCH = YES;
				COPY_PHASE_STRIP = NO;
				DEBUG_INFORMATION_FORMAT = dwarf;
				ENABLE_STRICT_OBJC_MSGSEND = YES;
				ENABLE_TESTABILITY = YES;
				GCC_C_LANGUAGE_STANDARD = gnu11;
				GCC_DYNAMIC_NO_PIC = NO;
				GCC_NO_COMMON_BLOCKS = YES;
				GCC_OPTIMIZATION_LEVEL = 0;
				GCC_PREPROCESSOR_DEFINITIONS = (
					"DEBUG=1",
					"$(inherited)",
				);
				GCC_WARN_64_TO_32_BIT_CONVERSION = YES;
				GCC_WARN_ABOUT_RETURN_TYPE = YES_ERROR;
				GCC_WARN_UNDECLARED_SELECTOR = YES;
				GCC_WARN_UNINITIALIZED_AUTOS = YES_AGGRESSIVE;
				GCC_WARN_UNUSED_FUNCTION = YES;
				GCC_WARN_UNUSED_VARIABLE = YES;
				MTL_ENABLE_DEBUG_INFO = INCLUDE_SOURCE;
				MTL_FAST_MATH = YES;
				ONLY_ACTIVE_ARCH = YES;
				SWIFT_ACTIVE_COMPILATION_CONDITIONS = DEBUG;
				SWIFT_OPTIMIZATION_LEVEL = "-Onone";
			};
			name = Debug;
		};
		F4B85F3528E4269900E9FD7F /* Release */ = {
			isa = XCBuildConfiguration;
			buildSettings = {
				ALWAYS_SEARCH_USER_PATHS = NO;
				CLANG_ANALYZER_NONNULL = YES;
				CLANG_ANALYZER_NUMBER_OBJECT_CONVERSION = YES_AGGRESSIVE;
				CLANG_CXX_LANGUAGE_STANDARD = "gnu++20";
				CLANG_ENABLE_MODULES = YES;
				CLANG_ENABLE_OBJC_ARC = YES;
				CLANG_ENABLE_OBJC_WEAK = YES;
				CLANG_WARN_BLOCK_CAPTURE_AUTORELEASING = YES;
				CLANG_WARN_BOOL_CONVERSION = YES;
				CLANG_WARN_COMMA = YES;
				CLANG_WARN_CONSTANT_CONVERSION = YES;
				CLANG_WARN_DEPRECATED_OBJC_IMPLEMENTATIONS = YES;
				CLANG_WARN_DIRECT_OBJC_ISA_USAGE = YES_ERROR;
				CLANG_WARN_DOCUMENTATION_COMMENTS = YES;
				CLANG_WARN_EMPTY_BODY = YES;
				CLANG_WARN_ENUM_CONVERSION = YES;
				CLANG_WARN_INFINITE_RECURSION = YES;
				CLANG_WARN_INT_CONVERSION = YES;
				CLANG_WARN_NON_LITERAL_NULL_CONVERSION = YES;
				CLANG_WARN_OBJC_IMPLICIT_RETAIN_SELF = YES;
				CLANG_WARN_OBJC_LITERAL_CONVERSION = YES;
				CLANG_WARN_OBJC_ROOT_CLASS = YES_ERROR;
				CLANG_WARN_QUOTED_INCLUDE_IN_FRAMEWORK_HEADER = YES;
				CLANG_WARN_RANGE_LOOP_ANALYSIS = YES;
				CLANG_WARN_STRICT_PROTOTYPES = YES;
				CLANG_WARN_SUSPICIOUS_MOVE = YES;
				CLANG_WARN_UNGUARDED_AVAILABILITY = YES_AGGRESSIVE;
				CLANG_WARN_UNREACHABLE_CODE = YES;
				CLANG_WARN__DUPLICATE_METHOD_MATCH = YES;
				COPY_PHASE_STRIP = NO;
				DEBUG_INFORMATION_FORMAT = "dwarf-with-dsym";
				ENABLE_NS_ASSERTIONS = NO;
				ENABLE_STRICT_OBJC_MSGSEND = YES;
				GCC_C_LANGUAGE_STANDARD = gnu11;
				GCC_NO_COMMON_BLOCKS = YES;
				GCC_WARN_64_TO_32_BIT_CONVERSION = YES;
				GCC_WARN_ABOUT_RETURN_TYPE = YES_ERROR;
				GCC_WARN_UNDECLARED_SELECTOR = YES;
				GCC_WARN_UNINITIALIZED_AUTOS = YES_AGGRESSIVE;
				GCC_WARN_UNUSED_FUNCTION = YES;
				GCC_WARN_UNUSED_VARIABLE = YES;
				MTL_ENABLE_DEBUG_INFO = NO;
				MTL_FAST_MATH = YES;
				SWIFT_COMPILATION_MODE = wholemodule;
				SWIFT_OPTIMIZATION_LEVEL = "-O";
			};
			name = Release;
		};
		F4B85F3728E4269900E9FD7F /* Debug */ = {
			isa = XCBuildConfiguration;
			buildSettings = {
				ASSETCATALOG_COMPILER_APPICON_NAME = AppIcon;
				ASSETCATALOG_COMPILER_GLOBAL_ACCENT_COLOR_NAME = AccentColor;
				CODE_SIGN_ENTITLEMENTS = SmartLodging/SmartLodging.entitlements;
				CODE_SIGN_STYLE = Automatic;
				CURRENT_PROJECT_VERSION = 1;
				DEVELOPMENT_ASSET_PATHS = "\"SmartLodging/Preview Content\"";
				DEVELOPMENT_TEAM = AGWB7KKVDY;
				ENABLE_HARDENED_RUNTIME = YES;
				ENABLE_PREVIEWS = YES;
				GENERATE_INFOPLIST_FILE = YES;
				"INFOPLIST_KEY_UIApplicationSceneManifest_Generation[sdk=iphoneos*]" = YES;
				"INFOPLIST_KEY_UIApplicationSceneManifest_Generation[sdk=iphonesimulator*]" = YES;
				"INFOPLIST_KEY_UIApplicationSupportsIndirectInputEvents[sdk=iphoneos*]" = YES;
				"INFOPLIST_KEY_UIApplicationSupportsIndirectInputEvents[sdk=iphonesimulator*]" = YES;
				"INFOPLIST_KEY_UILaunchScreen_Generation[sdk=iphoneos*]" = YES;
				"INFOPLIST_KEY_UILaunchScreen_Generation[sdk=iphonesimulator*]" = YES;
				"INFOPLIST_KEY_UIStatusBarStyle[sdk=iphoneos*]" = UIStatusBarStyleDefault;
				"INFOPLIST_KEY_UIStatusBarStyle[sdk=iphonesimulator*]" = UIStatusBarStyleDefault;
				INFOPLIST_KEY_UISupportedInterfaceOrientations_iPad = "UIInterfaceOrientationPortrait UIInterfaceOrientationPortraitUpsideDown UIInterfaceOrientationLandscapeLeft UIInterfaceOrientationLandscapeRight";
				INFOPLIST_KEY_UISupportedInterfaceOrientations_iPhone = "UIInterfaceOrientationPortrait UIInterfaceOrientationLandscapeLeft UIInterfaceOrientationLandscapeRight";
				IPHONEOS_DEPLOYMENT_TARGET = 16.0;
				LD_RUNPATH_SEARCH_PATHS = "@executable_path/Frameworks";
				"LD_RUNPATH_SEARCH_PATHS[sdk=macosx*]" = "@executable_path/../Frameworks";
				MACOSX_DEPLOYMENT_TARGET = 12.3;
				MARKETING_VERSION = 1.0;
				PRODUCT_BUNDLE_IDENTIFIER = com.puchner.SmartLodging;
				PRODUCT_NAME = "$(TARGET_NAME)";
				SDKROOT = auto;
				SUPPORTED_PLATFORMS = "iphoneos iphonesimulator macosx";
				SWIFT_EMIT_LOC_STRINGS = YES;
				SWIFT_VERSION = 5.0;
				TARGETED_DEVICE_FAMILY = "1,2";
			};
			name = Debug;
		};
		F4B85F3828E4269900E9FD7F /* Release */ = {
			isa = XCBuildConfiguration;
			buildSettings = {
				ASSETCATALOG_COMPILER_APPICON_NAME = AppIcon;
				ASSETCATALOG_COMPILER_GLOBAL_ACCENT_COLOR_NAME = AccentColor;
				CODE_SIGN_ENTITLEMENTS = SmartLodging/SmartLodging.entitlements;
				CODE_SIGN_STYLE = Automatic;
				CURRENT_PROJECT_VERSION = 1;
				DEVELOPMENT_ASSET_PATHS = "\"SmartLodging/Preview Content\"";
				DEVELOPMENT_TEAM = AGWB7KKVDY;
				ENABLE_HARDENED_RUNTIME = YES;
				ENABLE_PREVIEWS = YES;
				GENERATE_INFOPLIST_FILE = YES;
				"INFOPLIST_KEY_UIApplicationSceneManifest_Generation[sdk=iphoneos*]" = YES;
				"INFOPLIST_KEY_UIApplicationSceneManifest_Generation[sdk=iphonesimulator*]" = YES;
				"INFOPLIST_KEY_UIApplicationSupportsIndirectInputEvents[sdk=iphoneos*]" = YES;
				"INFOPLIST_KEY_UIApplicationSupportsIndirectInputEvents[sdk=iphonesimulator*]" = YES;
				"INFOPLIST_KEY_UILaunchScreen_Generation[sdk=iphoneos*]" = YES;
				"INFOPLIST_KEY_UILaunchScreen_Generation[sdk=iphonesimulator*]" = YES;
				"INFOPLIST_KEY_UIStatusBarStyle[sdk=iphoneos*]" = UIStatusBarStyleDefault;
				"INFOPLIST_KEY_UIStatusBarStyle[sdk=iphonesimulator*]" = UIStatusBarStyleDefault;
				INFOPLIST_KEY_UISupportedInterfaceOrientations_iPad = "UIInterfaceOrientationPortrait UIInterfaceOrientationPortraitUpsideDown UIInterfaceOrientationLandscapeLeft UIInterfaceOrientationLandscapeRight";
				INFOPLIST_KEY_UISupportedInterfaceOrientations_iPhone = "UIInterfaceOrientationPortrait UIInterfaceOrientationLandscapeLeft UIInterfaceOrientationLandscapeRight";
				IPHONEOS_DEPLOYMENT_TARGET = 16.0;
				LD_RUNPATH_SEARCH_PATHS = "@executable_path/Frameworks";
				"LD_RUNPATH_SEARCH_PATHS[sdk=macosx*]" = "@executable_path/../Frameworks";
				MACOSX_DEPLOYMENT_TARGET = 12.3;
				MARKETING_VERSION = 1.0;
				PRODUCT_BUNDLE_IDENTIFIER = com.puchner.SmartLodging;
				PRODUCT_NAME = "$(TARGET_NAME)";
				SDKROOT = auto;
				SUPPORTED_PLATFORMS = "iphoneos iphonesimulator macosx";
				SWIFT_EMIT_LOC_STRINGS = YES;
				SWIFT_VERSION = 5.0;
				TARGETED_DEVICE_FAMILY = "1,2";
			};
			name = Release;
		};
		F4B85F3A28E4269900E9FD7F /* Debug */ = {
			isa = XCBuildConfiguration;
			buildSettings = {
				ALWAYS_EMBED_SWIFT_STANDARD_LIBRARIES = YES;
				BUNDLE_LOADER = "$(TEST_HOST)";
				CODE_SIGN_STYLE = Automatic;
				CURRENT_PROJECT_VERSION = 1;
				DEVELOPMENT_TEAM = 587B4QS44A;
				GENERATE_INFOPLIST_FILE = YES;
				IPHONEOS_DEPLOYMENT_TARGET = 16.0;
				MACOSX_DEPLOYMENT_TARGET = 12.3;
				MARKETING_VERSION = 1.0;
				PRODUCT_BUNDLE_IDENTIFIER = com.puchner.SmartLodgingTests;
				PRODUCT_NAME = "$(TARGET_NAME)";
				SDKROOT = auto;
				SUPPORTED_PLATFORMS = "iphoneos iphonesimulator macosx";
				SWIFT_EMIT_LOC_STRINGS = NO;
				SWIFT_VERSION = 5.0;
				TARGETED_DEVICE_FAMILY = "1,2";
				TEST_HOST = "$(BUILT_PRODUCTS_DIR)/SmartLodging.app/$(BUNDLE_EXECUTABLE_FOLDER_PATH)/SmartLodging";
			};
			name = Debug;
		};
		F4B85F3B28E4269900E9FD7F /* Release */ = {
			isa = XCBuildConfiguration;
			buildSettings = {
				ALWAYS_EMBED_SWIFT_STANDARD_LIBRARIES = YES;
				BUNDLE_LOADER = "$(TEST_HOST)";
				CODE_SIGN_STYLE = Automatic;
				CURRENT_PROJECT_VERSION = 1;
				DEVELOPMENT_TEAM = 587B4QS44A;
				GENERATE_INFOPLIST_FILE = YES;
				IPHONEOS_DEPLOYMENT_TARGET = 16.0;
				MACOSX_DEPLOYMENT_TARGET = 12.3;
				MARKETING_VERSION = 1.0;
				PRODUCT_BUNDLE_IDENTIFIER = com.puchner.SmartLodgingTests;
				PRODUCT_NAME = "$(TARGET_NAME)";
				SDKROOT = auto;
				SUPPORTED_PLATFORMS = "iphoneos iphonesimulator macosx";
				SWIFT_EMIT_LOC_STRINGS = NO;
				SWIFT_VERSION = 5.0;
				TARGETED_DEVICE_FAMILY = "1,2";
				TEST_HOST = "$(BUILT_PRODUCTS_DIR)/SmartLodging.app/$(BUNDLE_EXECUTABLE_FOLDER_PATH)/SmartLodging";
			};
			name = Release;
		};
		F4B85F3D28E4269900E9FD7F /* Debug */ = {
			isa = XCBuildConfiguration;
			buildSettings = {
				ALWAYS_EMBED_SWIFT_STANDARD_LIBRARIES = YES;
				CODE_SIGN_STYLE = Automatic;
				CURRENT_PROJECT_VERSION = 1;
				DEVELOPMENT_TEAM = 587B4QS44A;
				GENERATE_INFOPLIST_FILE = YES;
				IPHONEOS_DEPLOYMENT_TARGET = 16.0;
				MACOSX_DEPLOYMENT_TARGET = 12.3;
				MARKETING_VERSION = 1.0;
				PRODUCT_BUNDLE_IDENTIFIER = com.puchner.SmartLodgingUITests;
				PRODUCT_NAME = "$(TARGET_NAME)";
				SDKROOT = auto;
				SUPPORTED_PLATFORMS = "iphoneos iphonesimulator macosx";
				SWIFT_EMIT_LOC_STRINGS = NO;
				SWIFT_VERSION = 5.0;
				TARGETED_DEVICE_FAMILY = "1,2";
				TEST_TARGET_NAME = SmartLodging;
			};
			name = Debug;
		};
		F4B85F3E28E4269900E9FD7F /* Release */ = {
			isa = XCBuildConfiguration;
			buildSettings = {
				ALWAYS_EMBED_SWIFT_STANDARD_LIBRARIES = YES;
				CODE_SIGN_STYLE = Automatic;
				CURRENT_PROJECT_VERSION = 1;
				DEVELOPMENT_TEAM = 587B4QS44A;
				GENERATE_INFOPLIST_FILE = YES;
				IPHONEOS_DEPLOYMENT_TARGET = 16.0;
				MACOSX_DEPLOYMENT_TARGET = 12.3;
				MARKETING_VERSION = 1.0;
				PRODUCT_BUNDLE_IDENTIFIER = com.puchner.SmartLodgingUITests;
				PRODUCT_NAME = "$(TARGET_NAME)";
				SDKROOT = auto;
				SUPPORTED_PLATFORMS = "iphoneos iphonesimulator macosx";
				SWIFT_EMIT_LOC_STRINGS = NO;
				SWIFT_VERSION = 5.0;
				TARGETED_DEVICE_FAMILY = "1,2";
				TEST_TARGET_NAME = SmartLodging;
			};
			name = Release;
		};
/* End XCBuildConfiguration section */

/* Begin XCConfigurationList section */
		F4B85F0728E4269700E9FD7F /* Build configuration list for PBXProject "SmartLodging" */ = {
			isa = XCConfigurationList;
			buildConfigurations = (
				F4B85F3428E4269900E9FD7F /* Debug */,
				F4B85F3528E4269900E9FD7F /* Release */,
			);
			defaultConfigurationIsVisible = 0;
			defaultConfigurationName = Release;
		};
		F4B85F3628E4269900E9FD7F /* Build configuration list for PBXNativeTarget "SmartLodging" */ = {
			isa = XCConfigurationList;
			buildConfigurations = (
				F4B85F3728E4269900E9FD7F /* Debug */,
				F4B85F3828E4269900E9FD7F /* Release */,
			);
			defaultConfigurationIsVisible = 0;
			defaultConfigurationName = Release;
		};
		F4B85F3928E4269900E9FD7F /* Build configuration list for PBXNativeTarget "SmartLodgingTests" */ = {
			isa = XCConfigurationList;
			buildConfigurations = (
				F4B85F3A28E4269900E9FD7F /* Debug */,
				F4B85F3B28E4269900E9FD7F /* Release */,
			);
			defaultConfigurationIsVisible = 0;
			defaultConfigurationName = Release;
		};
		F4B85F3C28E4269900E9FD7F /* Build configuration list for PBXNativeTarget "SmartLodgingUITests" */ = {
			isa = XCConfigurationList;
			buildConfigurations = (
				F4B85F3D28E4269900E9FD7F /* Debug */,
				F4B85F3E28E4269900E9FD7F /* Release */,
			);
			defaultConfigurationIsVisible = 0;
			defaultConfigurationName = Release;
		};
/* End XCConfigurationList section */

/* Begin XCVersionGroup section */
		F4B85F1328E4269700E9FD7F /* SmartLodging.xcdatamodeld */ = {
			isa = XCVersionGroup;
			children = (
				F4B85F1428E4269700E9FD7F /* SmartLodging.xcdatamodel */,
			);
			currentVersion = F4B85F1428E4269700E9FD7F /* SmartLodging.xcdatamodel */;
			path = SmartLodging.xcdatamodeld;
			sourceTree = "<group>";
			versionGroupType = wrapper.xcdatamodel;
		};
/* End XCVersionGroup section */
	};
	rootObject = F4B85F0428E4269700E9FD7F /* Project object */;
}
